
Microsoft Visual Studio Solution File, Format Version 12.00
# Visual Studio Version 17
VisualStudioVersion = 17.9.34728.123
MinimumVisualStudioVersion = 10.0.40219.1
Project("{FAE04EC0-301F-11D3-BF4B-00C04F79EFBC}") = "TitanSTUDIO", "TitanSTUDIO\TitanSTUDIO.csproj", "{28EC5916-289F-4F44-9679-CA92C167D60F}"
EndProject
Project("{FAE04EC0-301F-11D3-BF4B-00C04F79EFBC}") = "SampleWpfLibrary", "SampleWpfLibrary\SampleWpfLibrary.csproj", "{74F83B0C-E791-4915-B3ED-06B9FDEBD7D9}"
EndProject
Global
	GlobalSection(SolutionConfigurationPlatforms) = preSolution
		Debug|Any CPU = Debug|Any CPU
		Release|Any CPU = Release|Any CPU
	EndGlobalSection
	GlobalSection(ProjectConfigurationPlatforms) = postSolution
		{28EC5916-289F-4F44-9679-CA92C167D60F}.Debug|Any CPU.ActiveCfg = Debug|Any CPU
		{28EC5916-289F-4F44-9679-CA92C167D60F}.Debug|Any CPU.Build.0 = Debug|Any CPU
		{28EC5916-289F-4F44-9679-CA92C167D60F}.Release|Any CPU.ActiveCfg = Release|Any CPU
		{28EC5916-289F-4F44-9679-CA92C167D60F}.Release|Any CPU.Build.0 = Release|Any CPU
		{74F83B0C-E791-4915-B3ED-06B9FDEBD7D9}.Debug|Any CPU.ActiveCfg = Debug|Any CPU
		{74F83B0C-E791-4915-B3ED-06B9FDEBD7D9}.Debug|Any CPU.Build.0 = Debug|Any CPU
		{74F83B0C-E791-4915-B3ED-06B9FDEBD7D9}.Release|Any CPU.ActiveCfg = Release|Any CPU
		{74F83B0C-E791-4915-B3ED-06B9FDEBD7D9}.Release|Any CPU.Build.0 = Release|Any CPU
	EndGlobalSection
	GlobalSection(SolutionProperties) = preSolution
		HideSolutionNode = FALSE
	EndGlobalSection
	GlobalSection(ExtensibilityGlobals) = postSolution
		SolutionGuid = {A262D2D3-0D0C-4470-81CC-D58E077441CB}
	EndGlobalSection
EndGlobal
